
Microsoft Visual Studio Solution File, Format Version 12.00
Project("{FAE04EC0-301F-11D3-BF4B-00C04F79EFBC}") = "ndbgext", "ndbgext\ndbgext.csproj", "{9436F3F9-F046-435B-9025-8D69C16A8ACB}"
EndProject
Project("{FAE04EC0-301F-11D3-BF4B-00C04F79EFBC}") = "SameStacks", "SameStacks\SameStacks.csproj", "{818E8AED-8CC5-4AEB-AA7B-EBAA4F8080E4}"
EndProject
Project("{FAE04EC0-301F-11D3-BF4B-00C04F79EFBC}") = "FrameworkConcurentDictionaryConsole", "FrameworkConcurentDictionaryConsole\FrameworkConcurentDictionaryConsole.csproj", "{2697E744-98BF-4C67-B6C1-6138BF7141D0}"
EndProject
Project("{FAE04EC0-301F-11D3-BF4B-00C04F79EFBC}") = "ThreadPoolWithQueue", "ThreadPoolWithQueue\ThreadPoolWithQueue.csproj", "{7830D516-F4FE-4290-AE15-6AF00215610F}"
EndProject
Project("{FAE04EC0-301F-11D3-BF4B-00C04F79EFBC}") = "Decompiler", "Decompiler\Decompiler.csproj", "{CB519A5F-7A8E-41A3-8149-068BC148967B}"
EndProject
Project("{FAE04EC0-301F-11D3-BF4B-00C04F79EFBC}") = "ClrMdHost", "ClrMdHost\ClrMdHost.csproj", "{F5776CD6-F3FD-4DB8-A858-ECB158E29ACD}"
EndProject
Global
	GlobalSection(SolutionConfigurationPlatforms) = preSolution
		Debug|Any CPU = Debug|Any CPU
		Release|Any CPU = Release|Any CPU
	EndGlobalSection
	GlobalSection(ProjectConfigurationPlatforms) = postSolution
		{9436F3F9-F046-435B-9025-8D69C16A8ACB}.Debug|Any CPU.ActiveCfg = Debug|Any CPU
		{9436F3F9-F046-435B-9025-8D69C16A8ACB}.Debug|Any CPU.Build.0 = Debug|Any CPU
		{9436F3F9-F046-435B-9025-8D69C16A8ACB}.Release|Any CPU.ActiveCfg = Release|Any CPU
		{9436F3F9-F046-435B-9025-8D69C16A8ACB}.Release|Any CPU.Build.0 = Release|Any CPU
		{818E8AED-8CC5-4AEB-AA7B-EBAA4F8080E4}.Debug|Any CPU.ActiveCfg = Debug|Any CPU
		{818E8AED-8CC5-4AEB-AA7B-EBAA4F8080E4}.Debug|Any CPU.Build.0 = Debug|Any CPU
		{818E8AED-8CC5-4AEB-AA7B-EBAA4F8080E4}.Release|Any CPU.ActiveCfg = Release|Any CPU
		{818E8AED-8CC5-4AEB-AA7B-EBAA4F8080E4}.Release|Any CPU.Build.0 = Release|Any CPU
		{2697E744-98BF-4C67-B6C1-6138BF7141D0}.Debug|Any CPU.ActiveCfg = Debug|Any CPU
		{2697E744-98BF-4C67-B6C1-6138BF7141D0}.Debug|Any CPU.Build.0 = Debug|Any CPU
		{2697E744-98BF-4C67-B6C1-6138BF7141D0}.Release|Any CPU.ActiveCfg = Release|Any CPU
		{2697E744-98BF-4C67-B6C1-6138BF7141D0}.Release|Any CPU.Build.0 = Release|Any CPU
		{7830D516-F4FE-4290-AE15-6AF00215610F}.Debug|Any CPU.ActiveCfg = Debug|Any CPU
		{7830D516-F4FE-4290-AE15-6AF00215610F}.Debug|Any CPU.Build.0 = Debug|Any CPU
		{7830D516-F4FE-4290-AE15-6AF00215610F}.Release|Any CPU.ActiveCfg = Release|Any CPU
		{7830D516-F4FE-4290-AE15-6AF00215610F}.Release|Any CPU.Build.0 = Release|Any CPU
		{CB519A5F-7A8E-41A3-8149-068BC148967B}.Debug|Any CPU.ActiveCfg = Debug|Any CPU
		{CB519A5F-7A8E-41A3-8149-068BC148967B}.Debug|Any CPU.Build.0 = Debug|Any CPU
		{CB519A5F-7A8E-41A3-8149-068BC148967B}.Release|Any CPU.ActiveCfg = Release|Any CPU
		{CB519A5F-7A8E-41A3-8149-068BC148967B}.Release|Any CPU.Build.0 = Release|Any CPU
		{F5776CD6-F3FD-4DB8-A858-ECB158E29ACD}.Debug|Any CPU.ActiveCfg = Debug|Any CPU
		{F5776CD6-F3FD-4DB8-A858-ECB158E29ACD}.Debug|Any CPU.Build.0 = Debug|Any CPU
		{F5776CD6-F3FD-4DB8-A858-ECB158E29ACD}.Release|Any CPU.ActiveCfg = Release|Any CPU
		{F5776CD6-F3FD-4DB8-A858-ECB158E29ACD}.Release|Any CPU.Build.0 = Release|Any CPU
	EndGlobalSection
EndGlobal
