
Microsoft Visual Studio Solution File, Format Version 12.00
Project("{FAE04EC0-301F-11D3-BF4B-00C04F79EFBC}") = "ThreadPoolWithQueue", "ThreadPoolWithQueue\ThreadPoolWithQueue.csproj", "{1DEB4DBB-C8D1-4799-BCEB-A1FD3C0E107C}"
EndProject
Project("{FAE04EC0-301F-11D3-BF4B-00C04F79EFBC}") = "SameStacks", "SameStacks\SameStacks.csproj", "{0D6599BE-4DD3-4904-AA78-85936F362386}"
EndProject
Project("{FAE04EC0-301F-11D3-BF4B-00C04F79EFBC}") = "FrameworkConcurentDictionaryConsole", "FrameworkConcurentDictionaryConsole\FrameworkConcurentDictionaryConsole.csproj", "{2697E744-98BF-4C67-B6C1-6138BF7141D0}"
EndProject
Project("{FAE04EC0-301F-11D3-BF4B-00C04F79EFBC}") = "FrameLocals", "FrameLocals\FrameLocals.csproj", "{5BD9B0FE-3FAB-445F-95BA-25C94FD98A0E}"
EndProject
Project("{FAE04EC0-301F-11D3-BF4B-00C04F79EFBC}") = "Decompiler", "Decompiler\Decompiler.csproj", "{BE2A54BC-E0D6-45E4-B6BF-DAFEAD7B248D}"
EndProject
Project("{FAE04EC0-301F-11D3-BF4B-00C04F79EFBC}") = "ClrMdHost", "ClrMdHost\ClrMdHost.csproj", "{CD09C1EA-4645-4F26-AE18-D261EB2CC3ED}"
EndProject
Global
	GlobalSection(SolutionConfigurationPlatforms) = preSolution
		Debug|Any CPU = Debug|Any CPU
		Release|Any CPU = Release|Any CPU
	EndGlobalSection
	GlobalSection(ProjectConfigurationPlatforms) = postSolution
		{1DEB4DBB-C8D1-4799-BCEB-A1FD3C0E107C}.Debug|Any CPU.ActiveCfg = Debug|Any CPU
		{1DEB4DBB-C8D1-4799-BCEB-A1FD3C0E107C}.Debug|Any CPU.Build.0 = Debug|Any CPU
		{1DEB4DBB-C8D1-4799-BCEB-A1FD3C0E107C}.Release|Any CPU.ActiveCfg = Release|Any CPU
		{1DEB4DBB-C8D1-4799-BCEB-A1FD3C0E107C}.Release|Any CPU.Build.0 = Release|Any CPU
		{0D6599BE-4DD3-4904-AA78-85936F362386}.Debug|Any CPU.ActiveCfg = Debug|Any CPU
		{0D6599BE-4DD3-4904-AA78-85936F362386}.Debug|Any CPU.Build.0 = Debug|Any CPU
		{0D6599BE-4DD3-4904-AA78-85936F362386}.Release|Any CPU.ActiveCfg = Release|Any CPU
		{0D6599BE-4DD3-4904-AA78-85936F362386}.Release|Any CPU.Build.0 = Release|Any CPU
		{2697E744-98BF-4C67-B6C1-6138BF7141D0}.Debug|Any CPU.ActiveCfg = Debug|Any CPU
		{2697E744-98BF-4C67-B6C1-6138BF7141D0}.Debug|Any CPU.Build.0 = Debug|Any CPU
		{2697E744-98BF-4C67-B6C1-6138BF7141D0}.Release|Any CPU.ActiveCfg = Release|Any CPU
		{2697E744-98BF-4C67-B6C1-6138BF7141D0}.Release|Any CPU.Build.0 = Release|Any CPU
		{5BD9B0FE-3FAB-445F-95BA-25C94FD98A0E}.Debug|Any CPU.ActiveCfg = Debug|Any CPU
		{5BD9B0FE-3FAB-445F-95BA-25C94FD98A0E}.Debug|Any CPU.Build.0 = Debug|Any CPU
		{5BD9B0FE-3FAB-445F-95BA-25C94FD98A0E}.Release|Any CPU.ActiveCfg = Release|Any CPU
		{5BD9B0FE-3FAB-445F-95BA-25C94FD98A0E}.Release|Any CPU.Build.0 = Release|Any CPU
		{BE2A54BC-E0D6-45E4-B6BF-DAFEAD7B248D}.Debug|Any CPU.ActiveCfg = Debug|Any CPU
		{BE2A54BC-E0D6-45E4-B6BF-DAFEAD7B248D}.Debug|Any CPU.Build.0 = Debug|Any CPU
		{BE2A54BC-E0D6-45E4-B6BF-DAFEAD7B248D}.Release|Any CPU.ActiveCfg = Release|Any CPU
		{BE2A54BC-E0D6-45E4-B6BF-DAFEAD7B248D}.Release|Any CPU.Build.0 = Release|Any CPU
		{CD09C1EA-4645-4F26-AE18-D261EB2CC3ED}.Debug|Any CPU.ActiveCfg = Debug|Any CPU
		{CD09C1EA-4645-4F26-AE18-D261EB2CC3ED}.Debug|Any CPU.Build.0 = Debug|Any CPU
		{CD09C1EA-4645-4F26-AE18-D261EB2CC3ED}.Release|Any CPU.ActiveCfg = Release|Any CPU
		{CD09C1EA-4645-4F26-AE18-D261EB2CC3ED}.Release|Any CPU.Build.0 = Release|Any CPU
	EndGlobalSection
EndGlobal
